
Microsoft Visual Studio Solution File, Format Version 12.00
# Visual Studio Version 16
VisualStudioVersion = 16.0.30804.86
MinimumVisualStudioVersion = 10.0.40219.1
Project("{FAE04EC0-301F-11D3-BF4B-00C04F79EFBC}") = "MultiscaleModelling", "MultiscaleModelling.csproj", "{DEA372C5-73CB-4C0A-A52E-91CC2404AE5E}"
EndProject
Global
	GlobalSection(SolutionConfigurationPlatforms) = preSolution
		Debug|Any CPU = Debug|Any CPU
		Release|Any CPU = Release|Any CPU
	EndGlobalSection
	GlobalSection(ProjectConfigurationPlatforms) = postSolution
		{DEA372C5-73CB-4C0A-A52E-91CC2404AE5E}.Debug|Any CPU.ActiveCfg = Debug|Any CPU
		{DEA372C5-73CB-4C0A-A52E-91CC2404AE5E}.Debug|Any CPU.Build.0 = Debug|Any CPU
		{DEA372C5-73CB-4C0A-A52E-91CC2404AE5E}.Release|Any CPU.ActiveCfg = Release|Any CPU
		{DEA372C5-73CB-4C0A-A52E-91CC2404AE5E}.Release|Any CPU.Build.0 = Release|Any CPU
	EndGlobalSection
	GlobalSection(SolutionProperties) = preSolution
		HideSolutionNode = FALSE
	EndGlobalSection
	GlobalSection(ExtensibilityGlobals) = postSolution
		SolutionGuid = {6CA91270-8747-4B4A-B3FE-37066105C863}
	EndGlobalSection
EndGlobal
